// !$*UTF8*$!
{
	archiveVersion = 1;
	classes = {
	};
	objectVersion = 46;
	objects = {

/* Begin PBXBuildFile section */
		DB0462AD1E7D86220083F577 /* AssignmentsTests.swift in Sources */ = {isa = PBXBuildFile; fileRef = DB0462AC1E7D86220083F577 /* AssignmentsTests.swift */; };
		DB0462C61E7D87170083F577 /* AppDelegate.swift in Sources */ = {isa = PBXBuildFile; fileRef = DB0462B81E7D87170083F577 /* AppDelegate.swift */; };
		DB0462C71E7D87170083F577 /* Info.plist in Resources */ = {isa = PBXBuildFile; fileRef = DB0462B91E7D87170083F577 /* Info.plist */; };
		DB0462C81E7D87170083F577 /* ModelController.swift in Sources */ = {isa = PBXBuildFile; fileRef = DB0462BB1E7D87170083F577 /* ModelController.swift */; };
		DB0462C91E7D87170083F577 /* Assets.xcassets in Resources */ = {isa = PBXBuildFile; fileRef = DB0462BD1E7D87170083F577 /* Assets.xcassets */; };
		DB0462CA1E7D87170083F577 /* LaunchScreen.storyboard in Resources */ = {isa = PBXBuildFile; fileRef = DB0462BE1E7D87170083F577 /* LaunchScreen.storyboard */; };
		DB0462CB1E7D87170083F577 /* Main.storyboard in Resources */ = {isa = PBXBuildFile; fileRef = DB0462C01E7D87170083F577 /* Main.storyboard */; };
		DB0462CC1E7D87170083F577 /* DataViewController.swift in Sources */ = {isa = PBXBuildFile; fileRef = DB0462C41E7D87170083F577 /* DataViewController.swift */; };
		DB0462CD1E7D87170083F577 /* RootViewController.swift in Sources */ = {isa = PBXBuildFile; fileRef = DB0462C51E7D87170083F577 /* RootViewController.swift */; };
		DB0A2AAB1EAD16A700038D9D /* Realm.framework in Embed Frameworks */ = {isa = PBXBuildFile; fileRef = E2F4DF651E812727002ED6F2 /* Realm.framework */; settings = {ATTRIBUTES = (CodeSignOnCopy, RemoveHeadersOnCopy, ); }; };
		DB0A2AAD1EAD16A700038D9D /* FSCalendar.framework in Embed Frameworks */ = {isa = PBXBuildFile; fileRef = E2F4DF671E812727002ED6F2 /* FSCalendar.framework */; settings = {ATTRIBUTES = (CodeSignOnCopy, RemoveHeadersOnCopy, ); }; };
		DB0A2AAF1EAD485400038D9D /* ContentTableViewCell.swift in Sources */ = {isa = PBXBuildFile; fileRef = DB0A2AAE1EAD485400038D9D /* ContentTableViewCell.swift */; };
		DB67F28D1EACBC0000C06CB3 /* SubjectService.swift in Sources */ = {isa = PBXBuildFile; fileRef = DB67F28C1EACBC0000C06CB3 /* SubjectService.swift */; };
		DB67F28F1EACBC9000C06CB3 /* CoreDataSubjectMagager.swift in Sources */ = {isa = PBXBuildFile; fileRef = DB67F28E1EACBC9000C06CB3 /* CoreDataSubjectMagager.swift */; };
		DB67F2911EACC7B900C06CB3 /* CreateSubjectViewController.swift in Sources */ = {isa = PBXBuildFile; fileRef = DB67F2901EACC7B900C06CB3 /* CreateSubjectViewController.swift */; };
		DB67F2931EACCA4E00C06CB3 /* SelectColorTableViewCell.swift in Sources */ = {isa = PBXBuildFile; fileRef = DB67F2921EACCA4E00C06CB3 /* SelectColorTableViewCell.swift */; };
		DB67F2961EACCA7100C06CB3 /* Subject.storyboard in Resources */ = {isa = PBXBuildFile; fileRef = DB67F2941EACCA7100C06CB3 /* Subject.storyboard */; };
		DB67F2981EACCA9F00C06CB3 /* SelectColorViewController.swift in Sources */ = {isa = PBXBuildFile; fileRef = DB67F2971EACCA9F00C06CB3 /* SelectColorViewController.swift */; };
		DB67F29A1EACCB6C00C06CB3 /* ColorCollectionViewCell.swift in Sources */ = {isa = PBXBuildFile; fileRef = DB67F2991EACCB6C00C06CB3 /* ColorCollectionViewCell.swift */; };
		DB8399AF1EA3E66F00C1262D /* TitleTableViewCell.swift in Sources */ = {isa = PBXBuildFile; fileRef = DB8399AE1EA3E66F00C1262D /* TitleTableViewCell.swift */; };
		DB8399B11EA3E6B200C1262D /* SelectionTableViewCell.swift in Sources */ = {isa = PBXBuildFile; fileRef = DB8399B01EA3E6B200C1262D /* SelectionTableViewCell.swift */; };
		DB8399B31EA3E6E800C1262D /* SelectDateTableViewCell.swift in Sources */ = {isa = PBXBuildFile; fileRef = DB8399B21EA3E6E800C1262D /* SelectDateTableViewCell.swift */; };
		DB8399B51EA3E93100C1262D /* DateTimeTableViewCell.swift in Sources */ = {isa = PBXBuildFile; fileRef = DB8399B41EA3E93100C1262D /* DateTimeTableViewCell.swift */; };
		DB8399B71EA6969600C1262D /* SelectFieldViewController.swift in Sources */ = {isa = PBXBuildFile; fileRef = DB8399B61EA6969600C1262D /* SelectFieldViewController.swift */; };
		DB8399B91EA69A4E00C1262D /* SelectFieldTableViewCell.swift in Sources */ = {isa = PBXBuildFile; fileRef = DB8399B81EA69A4E00C1262D /* SelectFieldTableViewCell.swift */; };
		DBB174BE1EA3CBAF0039DCE3 /* TaskService.swift in Sources */ = {isa = PBXBuildFile; fileRef = DBB174BD1EA3CBAF0039DCE3 /* TaskService.swift */; };
		DBB174C01EA3CBCA0039DCE3 /* CoreDataTasksManager.swift in Sources */ = {isa = PBXBuildFile; fileRef = DBB174BF1EA3CBCA0039DCE3 /* CoreDataTasksManager.swift */; };
		DBD907121EAD049D002CBCCC /* UIColor.swift in Sources */ = {isa = PBXBuildFile; fileRef = DBD907111EAD049D002CBCCC /* UIColor.swift */; };
		DBD907141EAD12E5002CBCCC /* UIViewController+UIAlert.swift in Sources */ = {isa = PBXBuildFile; fileRef = DBD907131EAD12E5002CBCCC /* UIViewController+UIAlert.swift */; };
		DBDF58D81EA214700043C1B4 /* DataBase.xcdatamodeld in Sources */ = {isa = PBXBuildFile; fileRef = DBDF58D61EA214700043C1B4 /* DataBase.xcdatamodeld */; };
		DBDF59171EA236D90043C1B4 /* Priority.swift in Sources */ = {isa = PBXBuildFile; fileRef = DBDF590B1EA236D90043C1B4 /* Priority.swift */; };
		DBDF59181EA236D90043C1B4 /* Priority+CoreDataProperties.swift in Sources */ = {isa = PBXBuildFile; fileRef = DBDF590C1EA236D90043C1B4 /* Priority+CoreDataProperties.swift */; };
		DBDF59191EA236D90043C1B4 /* AttachmentType.swift in Sources */ = {isa = PBXBuildFile; fileRef = DBDF590D1EA236D90043C1B4 /* AttachmentType.swift */; };
		DBDF591A1EA236D90043C1B4 /* AttachmentType+CoreDataProperties.swift in Sources */ = {isa = PBXBuildFile; fileRef = DBDF590E1EA236D90043C1B4 /* AttachmentType+CoreDataProperties.swift */; };
		DBDF591B1EA236D90043C1B4 /* Task.swift in Sources */ = {isa = PBXBuildFile; fileRef = DBDF590F1EA236D90043C1B4 /* Task.swift */; };
		DBDF591C1EA236D90043C1B4 /* Task+CoreDataProperties.swift in Sources */ = {isa = PBXBuildFile; fileRef = DBDF59101EA236D90043C1B4 /* Task+CoreDataProperties.swift */; };
		DBDF591D1EA236D90043C1B4 /* Subject.swift in Sources */ = {isa = PBXBuildFile; fileRef = DBDF59111EA236D90043C1B4 /* Subject.swift */; };
		DBDF591E1EA236D90043C1B4 /* Subject+CoreDataProperties.swift in Sources */ = {isa = PBXBuildFile; fileRef = DBDF59121EA236D90043C1B4 /* Subject+CoreDataProperties.swift */; };
		DBDF591F1EA236D90043C1B4 /* Status.swift in Sources */ = {isa = PBXBuildFile; fileRef = DBDF59131EA236D90043C1B4 /* Status.swift */; };
		DBDF59201EA236D90043C1B4 /* Status+CoreDataProperties.swift in Sources */ = {isa = PBXBuildFile; fileRef = DBDF59141EA236D90043C1B4 /* Status+CoreDataProperties.swift */; };
		DBDF59211EA236D90043C1B4 /* Attachment.swift in Sources */ = {isa = PBXBuildFile; fileRef = DBDF59151EA236D90043C1B4 /* Attachment.swift */; };
		DBDF59221EA236D90043C1B4 /* Attachment+CoreDataProperties.swift in Sources */ = {isa = PBXBuildFile; fileRef = DBDF59161EA236D90043C1B4 /* Attachment+CoreDataProperties.swift */; };
		DBDF59281EA237D40043C1B4 /* CoreDataManager.swift in Sources */ = {isa = PBXBuildFile; fileRef = DBDF59271EA237D40043C1B4 /* CoreDataManager.swift */; };
		DBF5B54B1EA25D9A00430DE0 /* TasksViewController.swift in Sources */ = {isa = PBXBuildFile; fileRef = DBF5B54A1EA25D9A00430DE0 /* TasksViewController.swift */; };
		DBF5B54D1EA263C500430DE0 /* FullTaskTableViewCell.swift in Sources */ = {isa = PBXBuildFile; fileRef = DBF5B54C1EA263C500430DE0 /* FullTaskTableViewCell.swift */; };
		DBF5B5501EA2644100430DE0 /* Tasks.storyboard in Resources */ = {isa = PBXBuildFile; fileRef = DBF5B54E1EA2644100430DE0 /* Tasks.storyboard */; };
		DBF5B5521EA26E1F00430DE0 /* CreateTaskViewController.swift in Sources */ = {isa = PBXBuildFile; fileRef = DBF5B5511EA26E1F00430DE0 /* CreateTaskViewController.swift */; };
		E2F4DF681E812727002ED6F2 /* ChartsRealm.framework in Frameworks */ = {isa = PBXBuildFile; fileRef = E2F4DF631E812727002ED6F2 /* ChartsRealm.framework */; };
		E2F4DF6A1E812727002ED6F2 /* Realm.framework in Frameworks */ = {isa = PBXBuildFile; fileRef = E2F4DF651E812727002ED6F2 /* Realm.framework */; };
		E2F4DF6C1E812727002ED6F2 /* FSCalendar.framework in Frameworks */ = {isa = PBXBuildFile; fileRef = E2F4DF671E812727002ED6F2 /* FSCalendar.framework */; };
		E2F4DF6F1E81311B002ED6F2 /* CalendarViewController.swift in Sources */ = {isa = PBXBuildFile; fileRef = E2F4DF6E1E81311B002ED6F2 /* CalendarViewController.swift */; };
		E2F4DF711E8131E5002ED6F2 /* TaskTableViewCell.swift in Sources */ = {isa = PBXBuildFile; fileRef = E2F4DF701E8131E5002ED6F2 /* TaskTableViewCell.swift */; };
		E2F4DF741E813B8E002ED6F2 /* StatisticsViewController.swift in Sources */ = {isa = PBXBuildFile; fileRef = E2F4DF731E813B8E002ED6F2 /* StatisticsViewController.swift */; };
		E2F4DF761E81438E002ED6F2 /* Charts.framework in Frameworks */ = {isa = PBXBuildFile; fileRef = E2F4DF611E812717002ED6F2 /* Charts.framework */; };
		E2F4DF791E814D91002ED6F2 /* Charts.framework in Frameworks */ = {isa = PBXBuildFile; fileRef = E2F4DF611E812717002ED6F2 /* Charts.framework */; };
		E2F4DF7A1E814D91002ED6F2 /* Charts.framework in Embed Frameworks */ = {isa = PBXBuildFile; fileRef = E2F4DF611E812717002ED6F2 /* Charts.framework */; settings = {ATTRIBUTES = (CodeSignOnCopy, RemoveHeadersOnCopy, ); }; };
/* End PBXBuildFile section */

/* Begin PBXContainerItemProxy section */
		DB0462A91E7D86220083F577 /* PBXContainerItemProxy */ = {
			isa = PBXContainerItemProxy;
			containerPortal = DB0462881E7D86210083F577 /* Project object */;
			proxyType = 1;
			remoteGlobalIDString = DB04628F1E7D86210083F577;
			remoteInfo = Assignments;
		};
/* End PBXContainerItemProxy section */

/* Begin PBXCopyFilesBuildPhase section */
		E2F4DF7B1E814D91002ED6F2 /* Embed Frameworks */ = {
			isa = PBXCopyFilesBuildPhase;
			buildActionMask = 2147483647;
			dstPath = "";
			dstSubfolderSpec = 10;
			files = (
				DB0A2AAB1EAD16A700038D9D /* Realm.framework in Embed Frameworks */,
				DB0A2AAD1EAD16A700038D9D /* FSCalendar.framework in Embed Frameworks */,
				E2F4DF7A1E814D91002ED6F2 /* Charts.framework in Embed Frameworks */,
			);
			name = "Embed Frameworks";
			runOnlyForDeploymentPostprocessing = 0;
		};
/* End PBXCopyFilesBuildPhase section */

/* Begin PBXFileReference section */
		DB0462901E7D86210083F577 /* Assignments.app */ = {isa = PBXFileReference; explicitFileType = wrapper.application; includeInIndex = 0; path = Assignments.app; sourceTree = BUILT_PRODUCTS_DIR; };
		DB0462A81E7D86220083F577 /* AssignmentsTests.xctest */ = {isa = PBXFileReference; explicitFileType = wrapper.cfbundle; includeInIndex = 0; path = AssignmentsTests.xctest; sourceTree = BUILT_PRODUCTS_DIR; };
		DB0462AC1E7D86220083F577 /* AssignmentsTests.swift */ = {isa = PBXFileReference; lastKnownFileType = sourcecode.swift; path = AssignmentsTests.swift; sourceTree = "<group>"; };
		DB0462AE1E7D86220083F577 /* Info.plist */ = {isa = PBXFileReference; lastKnownFileType = text.plist.xml; path = Info.plist; sourceTree = "<group>"; };
		DB0462B81E7D87170083F577 /* AppDelegate.swift */ = {isa = PBXFileReference; fileEncoding = 4; lastKnownFileType = sourcecode.swift; path = AppDelegate.swift; sourceTree = "<group>"; };
		DB0462B91E7D87170083F577 /* Info.plist */ = {isa = PBXFileReference; fileEncoding = 4; lastKnownFileType = text.plist.xml; path = Info.plist; sourceTree = "<group>"; };
		DB0462BB1E7D87170083F577 /* ModelController.swift */ = {isa = PBXFileReference; fileEncoding = 4; lastKnownFileType = sourcecode.swift; path = ModelController.swift; sourceTree = "<group>"; };
		DB0462BD1E7D87170083F577 /* Assets.xcassets */ = {isa = PBXFileReference; lastKnownFileType = folder.assetcatalog; path = Assets.xcassets; sourceTree = "<group>"; };
		DB0462BF1E7D87170083F577 /* Base */ = {isa = PBXFileReference; lastKnownFileType = file.storyboard; name = Base; path = Base.lproj/LaunchScreen.storyboard; sourceTree = "<group>"; };
		DB0462C11E7D87170083F577 /* Base */ = {isa = PBXFileReference; lastKnownFileType = file.storyboard; name = Base; path = Base.lproj/Main.storyboard; sourceTree = "<group>"; };
		DB0462C41E7D87170083F577 /* DataViewController.swift */ = {isa = PBXFileReference; fileEncoding = 4; lastKnownFileType = sourcecode.swift; path = DataViewController.swift; sourceTree = "<group>"; };
		DB0462C51E7D87170083F577 /* RootViewController.swift */ = {isa = PBXFileReference; fileEncoding = 4; lastKnownFileType = sourcecode.swift; path = RootViewController.swift; sourceTree = "<group>"; };
		DB0A2AAE1EAD485400038D9D /* ContentTableViewCell.swift */ = {isa = PBXFileReference; fileEncoding = 4; lastKnownFileType = sourcecode.swift; path = ContentTableViewCell.swift; sourceTree = "<group>"; };
		DB67F28C1EACBC0000C06CB3 /* SubjectService.swift */ = {isa = PBXFileReference; fileEncoding = 4; lastKnownFileType = sourcecode.swift; path = SubjectService.swift; sourceTree = "<group>"; };
		DB67F28E1EACBC9000C06CB3 /* CoreDataSubjectMagager.swift */ = {isa = PBXFileReference; fileEncoding = 4; lastKnownFileType = sourcecode.swift; path = CoreDataSubjectMagager.swift; sourceTree = "<group>"; };
		DB67F2901EACC7B900C06CB3 /* CreateSubjectViewController.swift */ = {isa = PBXFileReference; fileEncoding = 4; lastKnownFileType = sourcecode.swift; path = CreateSubjectViewController.swift; sourceTree = "<group>"; };
		DB67F2921EACCA4E00C06CB3 /* SelectColorTableViewCell.swift */ = {isa = PBXFileReference; fileEncoding = 4; lastKnownFileType = sourcecode.swift; path = SelectColorTableViewCell.swift; sourceTree = "<group>"; };
		DB67F2951EACCA7100C06CB3 /* Base */ = {isa = PBXFileReference; lastKnownFileType = file.storyboard; name = Base; path = Base.lproj/Subject.storyboard; sourceTree = "<group>"; };
		DB67F2971EACCA9F00C06CB3 /* SelectColorViewController.swift */ = {isa = PBXFileReference; fileEncoding = 4; lastKnownFileType = sourcecode.swift; path = SelectColorViewController.swift; sourceTree = "<group>"; };
		DB67F2991EACCB6C00C06CB3 /* ColorCollectionViewCell.swift */ = {isa = PBXFileReference; fileEncoding = 4; lastKnownFileType = sourcecode.swift; path = ColorCollectionViewCell.swift; sourceTree = "<group>"; };
		DB8399AE1EA3E66F00C1262D /* TitleTableViewCell.swift */ = {isa = PBXFileReference; fileEncoding = 4; lastKnownFileType = sourcecode.swift; path = TitleTableViewCell.swift; sourceTree = "<group>"; };
		DB8399B01EA3E6B200C1262D /* SelectionTableViewCell.swift */ = {isa = PBXFileReference; fileEncoding = 4; lastKnownFileType = sourcecode.swift; path = SelectionTableViewCell.swift; sourceTree = "<group>"; };
		DB8399B21EA3E6E800C1262D /* SelectDateTableViewCell.swift */ = {isa = PBXFileReference; fileEncoding = 4; lastKnownFileType = sourcecode.swift; path = SelectDateTableViewCell.swift; sourceTree = "<group>"; };
		DB8399B41EA3E93100C1262D /* DateTimeTableViewCell.swift */ = {isa = PBXFileReference; fileEncoding = 4; lastKnownFileType = sourcecode.swift; path = DateTimeTableViewCell.swift; sourceTree = "<group>"; };
		DB8399B61EA6969600C1262D /* SelectFieldViewController.swift */ = {isa = PBXFileReference; fileEncoding = 4; lastKnownFileType = sourcecode.swift; path = SelectFieldViewController.swift; sourceTree = "<group>"; };
		DB8399B81EA69A4E00C1262D /* SelectFieldTableViewCell.swift */ = {isa = PBXFileReference; fileEncoding = 4; lastKnownFileType = sourcecode.swift; path = SelectFieldTableViewCell.swift; sourceTree = "<group>"; };
		DBB174BD1EA3CBAF0039DCE3 /* TaskService.swift */ = {isa = PBXFileReference; fileEncoding = 4; lastKnownFileType = sourcecode.swift; path = TaskService.swift; sourceTree = "<group>"; };
		DBB174BF1EA3CBCA0039DCE3 /* CoreDataTasksManager.swift */ = {isa = PBXFileReference; fileEncoding = 4; lastKnownFileType = sourcecode.swift; path = CoreDataTasksManager.swift; sourceTree = "<group>"; };
		DBD907111EAD049D002CBCCC /* UIColor.swift */ = {isa = PBXFileReference; fileEncoding = 4; lastKnownFileType = sourcecode.swift; path = UIColor.swift; sourceTree = "<group>"; };
		DBD907131EAD12E5002CBCCC /* UIViewController+UIAlert.swift */ = {isa = PBXFileReference; fileEncoding = 4; lastKnownFileType = sourcecode.swift; path = "UIViewController+UIAlert.swift"; sourceTree = "<group>"; };
		DBDF58D71EA214700043C1B4 /* DataBase.xcdatamodel */ = {isa = PBXFileReference; lastKnownFileType = wrapper.xcdatamodel; path = DataBase.xcdatamodel; sourceTree = "<group>"; };
		DBDF590B1EA236D90043C1B4 /* Priority.swift */ = {isa = PBXFileReference; fileEncoding = 4; lastKnownFileType = sourcecode.swift; path = Priority.swift; sourceTree = "<group>"; };
		DBDF590C1EA236D90043C1B4 /* Priority+CoreDataProperties.swift */ = {isa = PBXFileReference; fileEncoding = 4; lastKnownFileType = sourcecode.swift; path = "Priority+CoreDataProperties.swift"; sourceTree = "<group>"; };
		DBDF590D1EA236D90043C1B4 /* AttachmentType.swift */ = {isa = PBXFileReference; fileEncoding = 4; lastKnownFileType = sourcecode.swift; path = AttachmentType.swift; sourceTree = "<group>"; };
		DBDF590E1EA236D90043C1B4 /* AttachmentType+CoreDataProperties.swift */ = {isa = PBXFileReference; fileEncoding = 4; lastKnownFileType = sourcecode.swift; path = "AttachmentType+CoreDataProperties.swift"; sourceTree = "<group>"; };
		DBDF590F1EA236D90043C1B4 /* Task.swift */ = {isa = PBXFileReference; fileEncoding = 4; lastKnownFileType = sourcecode.swift; path = Task.swift; sourceTree = "<group>"; };
		DBDF59101EA236D90043C1B4 /* Task+CoreDataProperties.swift */ = {isa = PBXFileReference; fileEncoding = 4; lastKnownFileType = sourcecode.swift; path = "Task+CoreDataProperties.swift"; sourceTree = "<group>"; };
		DBDF59111EA236D90043C1B4 /* Subject.swift */ = {isa = PBXFileReference; fileEncoding = 4; lastKnownFileType = sourcecode.swift; path = Subject.swift; sourceTree = "<group>"; };
		DBDF59121EA236D90043C1B4 /* Subject+CoreDataProperties.swift */ = {isa = PBXFileReference; fileEncoding = 4; lastKnownFileType = sourcecode.swift; path = "Subject+CoreDataProperties.swift"; sourceTree = "<group>"; };
		DBDF59131EA236D90043C1B4 /* Status.swift */ = {isa = PBXFileReference; fileEncoding = 4; lastKnownFileType = sourcecode.swift; path = Status.swift; sourceTree = "<group>"; };
		DBDF59141EA236D90043C1B4 /* Status+CoreDataProperties.swift */ = {isa = PBXFileReference; fileEncoding = 4; lastKnownFileType = sourcecode.swift; path = "Status+CoreDataProperties.swift"; sourceTree = "<group>"; };
		DBDF59151EA236D90043C1B4 /* Attachment.swift */ = {isa = PBXFileReference; fileEncoding = 4; lastKnownFileType = sourcecode.swift; path = Attachment.swift; sourceTree = "<group>"; };
		DBDF59161EA236D90043C1B4 /* Attachment+CoreDataProperties.swift */ = {isa = PBXFileReference; fileEncoding = 4; lastKnownFileType = sourcecode.swift; path = "Attachment+CoreDataProperties.swift"; sourceTree = "<group>"; };
		DBDF59271EA237D40043C1B4 /* CoreDataManager.swift */ = {isa = PBXFileReference; fileEncoding = 4; lastKnownFileType = sourcecode.swift; path = CoreDataManager.swift; sourceTree = "<group>"; };
		DBF5B54A1EA25D9A00430DE0 /* TasksViewController.swift */ = {isa = PBXFileReference; fileEncoding = 4; lastKnownFileType = sourcecode.swift; path = TasksViewController.swift; sourceTree = "<group>"; };
		DBF5B54C1EA263C500430DE0 /* FullTaskTableViewCell.swift */ = {isa = PBXFileReference; fileEncoding = 4; lastKnownFileType = sourcecode.swift; path = FullTaskTableViewCell.swift; sourceTree = "<group>"; };
		DBF5B54F1EA2644100430DE0 /* Base */ = {isa = PBXFileReference; lastKnownFileType = file.storyboard; name = Base; path = Base.lproj/Tasks.storyboard; sourceTree = "<group>"; };
		DBF5B5511EA26E1F00430DE0 /* CreateTaskViewController.swift */ = {isa = PBXFileReference; fileEncoding = 4; lastKnownFileType = sourcecode.swift; path = CreateTaskViewController.swift; sourceTree = "<group>"; };
		E2F4DF611E812717002ED6F2 /* Charts.framework */ = {isa = PBXFileReference; lastKnownFileType = wrapper.framework; name = Charts.framework; path = Carthage/Build/iOS/Charts.framework; sourceTree = "<group>"; };
		E2F4DF631E812727002ED6F2 /* ChartsRealm.framework */ = {isa = PBXFileReference; lastKnownFileType = wrapper.framework; name = ChartsRealm.framework; path = Carthage/Build/iOS/ChartsRealm.framework; sourceTree = "<group>"; };
		E2F4DF651E812727002ED6F2 /* Realm.framework */ = {isa = PBXFileReference; lastKnownFileType = wrapper.framework; name = Realm.framework; path = Carthage/Build/iOS/Realm.framework; sourceTree = "<group>"; };
		E2F4DF661E812727002ED6F2 /* RealmSwift.framework */ = {isa = PBXFileReference; lastKnownFileType = wrapper.framework; name = RealmSwift.framework; path = Carthage/Build/iOS/RealmSwift.framework; sourceTree = "<group>"; };
		E2F4DF671E812727002ED6F2 /* FSCalendar.framework */ = {isa = PBXFileReference; lastKnownFileType = wrapper.framework; name = FSCalendar.framework; path = Carthage/Build/iOS/FSCalendar.framework; sourceTree = "<group>"; };
		E2F4DF6E1E81311B002ED6F2 /* CalendarViewController.swift */ = {isa = PBXFileReference; fileEncoding = 4; lastKnownFileType = sourcecode.swift; path = CalendarViewController.swift; sourceTree = "<group>"; };
		E2F4DF701E8131E5002ED6F2 /* TaskTableViewCell.swift */ = {isa = PBXFileReference; fileEncoding = 4; lastKnownFileType = sourcecode.swift; name = TaskTableViewCell.swift; path = Assignments/TaskTableViewCell.swift; sourceTree = SOURCE_ROOT; };
		E2F4DF731E813B8E002ED6F2 /* StatisticsViewController.swift */ = {isa = PBXFileReference; fileEncoding = 4; lastKnownFileType = sourcecode.swift; path = StatisticsViewController.swift; sourceTree = "<group>"; };
		E2F4DF751E813EDA002ED6F2 /* Assignments-Bridging-Header.h */ = {isa = PBXFileReference; lastKnownFileType = sourcecode.c.h; name = "Assignments-Bridging-Header.h"; path = "../../Assignments-Bridging-Header.h"; sourceTree = "<group>"; };
/* End PBXFileReference section */

/* Begin PBXFrameworksBuildPhase section */
		DB04628D1E7D86210083F577 /* Frameworks */ = {
			isa = PBXFrameworksBuildPhase;
			buildActionMask = 2147483647;
			files = (
				E2F4DF681E812727002ED6F2 /* ChartsRealm.framework in Frameworks */,
				E2F4DF6A1E812727002ED6F2 /* Realm.framework in Frameworks */,
				E2F4DF791E814D91002ED6F2 /* Charts.framework in Frameworks */,
				E2F4DF761E81438E002ED6F2 /* Charts.framework in Frameworks */,
				E2F4DF6C1E812727002ED6F2 /* FSCalendar.framework in Frameworks */,
			);
			runOnlyForDeploymentPostprocessing = 0;
		};
		DB0462A51E7D86220083F577 /* Frameworks */ = {
			isa = PBXFrameworksBuildPhase;
			buildActionMask = 2147483647;
			files = (
			);
			runOnlyForDeploymentPostprocessing = 0;
		};
/* End PBXFrameworksBuildPhase section */

/* Begin PBXGroup section */
		DB0462871E7D86210083F577 = {
			isa = PBXGroup;
			children = (
				DB0462921E7D86210083F577 /* Assignments */,
				DB0462AB1E7D86220083F577 /* AssignmentsTests */,
				DB0462911E7D86210083F577 /* Products */,
				E2F4DF601E812717002ED6F2 /* Frameworks */,
			);
			sourceTree = "<group>";
		};
		DB0462911E7D86210083F577 /* Products */ = {
			isa = PBXGroup;
			children = (
				DB0462901E7D86210083F577 /* Assignments.app */,
				DB0462A81E7D86220083F577 /* AssignmentsTests.xctest */,
			);
			name = Products;
			sourceTree = "<group>";
		};
		DB0462921E7D86210083F577 /* Assignments */ = {
			isa = PBXGroup;
			children = (
				DBD907101EAD048C002CBCCC /* Extension */,
				DBB174BC1EA3CB8C0039DCE3 /* Service */,
				DBDF59231EA2372A0043C1B4 /* Manager */,
				DBDF58D51EA214570043C1B4 /* DataBase */,
				DB0462B71E7D87170083F577 /* General */,
				DB0462BA1E7D87170083F577 /* Model */,
				DB0462BC1E7D87170083F577 /* Resource */,
				DB0462C21E7D87170083F577 /* View */,
				DB0462C31E7D87170083F577 /* ViewController */,
			);
			path = Assignments;
			sourceTree = "<group>";
		};
		DB0462AB1E7D86220083F577 /* AssignmentsTests */ = {
			isa = PBXGroup;
			children = (
				DB0462AC1E7D86220083F577 /* AssignmentsTests.swift */,
				DB0462AE1E7D86220083F577 /* Info.plist */,
			);
			path = AssignmentsTests;
			sourceTree = "<group>";
		};
		DB0462B71E7D87170083F577 /* General */ = {
			isa = PBXGroup;
			children = (
				DB0462B81E7D87170083F577 /* AppDelegate.swift */,
				DB0462B91E7D87170083F577 /* Info.plist */,
			);
			path = General;
			sourceTree = "<group>";
		};
		DB0462BA1E7D87170083F577 /* Model */ = {
			isa = PBXGroup;
			children = (
				DBDF590B1EA236D90043C1B4 /* Priority.swift */,
				DBDF590C1EA236D90043C1B4 /* Priority+CoreDataProperties.swift */,
				DBDF590D1EA236D90043C1B4 /* AttachmentType.swift */,
				DBDF590E1EA236D90043C1B4 /* AttachmentType+CoreDataProperties.swift */,
				DBDF590F1EA236D90043C1B4 /* Task.swift */,
				DBDF59101EA236D90043C1B4 /* Task+CoreDataProperties.swift */,
				DBDF59111EA236D90043C1B4 /* Subject.swift */,
				DBDF59121EA236D90043C1B4 /* Subject+CoreDataProperties.swift */,
				DBDF59131EA236D90043C1B4 /* Status.swift */,
				DBDF59141EA236D90043C1B4 /* Status+CoreDataProperties.swift */,
				DBDF59151EA236D90043C1B4 /* Attachment.swift */,
				DBDF59161EA236D90043C1B4 /* Attachment+CoreDataProperties.swift */,
				DB0462BB1E7D87170083F577 /* ModelController.swift */,
			);
			path = Model;
			sourceTree = "<group>";
		};
		DB0462BC1E7D87170083F577 /* Resource */ = {
			isa = PBXGroup;
			children = (
				E2F4DF751E813EDA002ED6F2 /* Assignments-Bridging-Header.h */,
				DB0462BD1E7D87170083F577 /* Assets.xcassets */,
				DB0462BE1E7D87170083F577 /* LaunchScreen.storyboard */,
				DB0462C01E7D87170083F577 /* Main.storyboard */,
				DBF5B54E1EA2644100430DE0 /* Tasks.storyboard */,
				DB67F2941EACCA7100C06CB3 /* Subject.storyboard */,
			);
			path = Resource;
			sourceTree = "<group>";
		};
		DB0462C21E7D87170083F577 /* View */ = {
			isa = PBXGroup;
			children = (
				E2F4DF701E8131E5002ED6F2 /* TaskTableViewCell.swift */,
				DBF5B54C1EA263C500430DE0 /* FullTaskTableViewCell.swift */,
				DB8399B21EA3E6E800C1262D /* SelectDateTableViewCell.swift */,
				DB67F2991EACCB6C00C06CB3 /* ColorCollectionViewCell.swift */,
				DB8399B01EA3E6B200C1262D /* SelectionTableViewCell.swift */,
				DB8399B81EA69A4E00C1262D /* SelectFieldTableViewCell.swift */,
				DB8399B41EA3E93100C1262D /* DateTimeTableViewCell.swift */,
				DB67F2921EACCA4E00C06CB3 /* SelectColorTableViewCell.swift */,
				DB8399AE1EA3E66F00C1262D /* TitleTableViewCell.swift */,
				DB0A2AAE1EAD485400038D9D /* ContentTableViewCell.swift */,
			);
			path = View;
			sourceTree = "<group>";
		};
		DB0462C31E7D87170083F577 /* ViewController */ = {
			isa = PBXGroup;
			children = (
				DB0462C41E7D87170083F577 /* DataViewController.swift */,
				DB8399B61EA6969600C1262D /* SelectFieldViewController.swift */,
				DBF5B54A1EA25D9A00430DE0 /* TasksViewController.swift */,
				DBF5B5511EA26E1F00430DE0 /* CreateTaskViewController.swift */,
				DB67F2971EACCA9F00C06CB3 /* SelectColorViewController.swift */,
				DB67F2901EACC7B900C06CB3 /* CreateSubjectViewController.swift */,
				E2F4DF6E1E81311B002ED6F2 /* CalendarViewController.swift */,
				E2F4DF731E813B8E002ED6F2 /* StatisticsViewController.swift */,
				DB0462C51E7D87170083F577 /* RootViewController.swift */,
			);
			path = ViewController;
			sourceTree = "<group>";
		};
		DBB174BC1EA3CB8C0039DCE3 /* Service */ = {
			isa = PBXGroup;
			children = (
				DBB174BD1EA3CBAF0039DCE3 /* TaskService.swift */,
				DBB174BF1EA3CBCA0039DCE3 /* CoreDataTasksManager.swift */,
				DB67F28C1EACBC0000C06CB3 /* SubjectService.swift */,
				DB67F28E1EACBC9000C06CB3 /* CoreDataSubjectMagager.swift */,
			);
			path = Service;
			sourceTree = "<group>";
		};
		DBD907101EAD048C002CBCCC /* Extension */ = {
			isa = PBXGroup;
			children = (
				DBD907111EAD049D002CBCCC /* UIColor.swift */,
				DBD907131EAD12E5002CBCCC /* UIViewController+UIAlert.swift */,
			);
			path = Extension;
			sourceTree = "<group>";
		};
		DBDF58D51EA214570043C1B4 /* DataBase */ = {
			isa = PBXGroup;
			children = (
				DBDF58D61EA214700043C1B4 /* DataBase.xcdatamodeld */,
			);
			path = DataBase;
			sourceTree = "<group>";
		};
		DBDF59231EA2372A0043C1B4 /* Manager */ = {
			isa = PBXGroup;
			children = (
				DBDF59271EA237D40043C1B4 /* CoreDataManager.swift */,
			);
			path = Manager;
			sourceTree = "<group>";
		};
		E2F4DF601E812717002ED6F2 /* Frameworks */ = {
			isa = PBXGroup;
			children = (
				E2F4DF631E812727002ED6F2 /* ChartsRealm.framework */,
				E2F4DF651E812727002ED6F2 /* Realm.framework */,
				E2F4DF661E812727002ED6F2 /* RealmSwift.framework */,
				E2F4DF671E812727002ED6F2 /* FSCalendar.framework */,
				E2F4DF611E812717002ED6F2 /* Charts.framework */,
			);
			name = Frameworks;
			sourceTree = "<group>";
		};
/* End PBXGroup section */

/* Begin PBXNativeTarget section */
		DB04628F1E7D86210083F577 /* Assignments */ = {
			isa = PBXNativeTarget;
			buildConfigurationList = DB0462B11E7D86220083F577 /* Build configuration list for PBXNativeTarget "Assignments" */;
			buildPhases = (
				DB04628C1E7D86210083F577 /* Sources */,
				DB04628D1E7D86210083F577 /* Frameworks */,
				DB04628E1E7D86210083F577 /* Resources */,
				E2F4DF6D1E81273F002ED6F2 /* ShellScript */,
				E2F4DF7B1E814D91002ED6F2 /* Embed Frameworks */,
			);
			buildRules = (
			);
			dependencies = (
			);
			name = Assignments;
			productName = Assignments;
			productReference = DB0462901E7D86210083F577 /* Assignments.app */;
			productType = "com.apple.product-type.application";
		};
		DB0462A71E7D86220083F577 /* AssignmentsTests */ = {
			isa = PBXNativeTarget;
			buildConfigurationList = DB0462B41E7D86220083F577 /* Build configuration list for PBXNativeTarget "AssignmentsTests" */;
			buildPhases = (
				DB0462A41E7D86220083F577 /* Sources */,
				DB0462A51E7D86220083F577 /* Frameworks */,
				DB0462A61E7D86220083F577 /* Resources */,
			);
			buildRules = (
			);
			dependencies = (
				DB0462AA1E7D86220083F577 /* PBXTargetDependency */,
			);
			name = AssignmentsTests;
			productName = AssignmentsTests;
			productReference = DB0462A81E7D86220083F577 /* AssignmentsTests.xctest */;
			productType = "com.apple.product-type.bundle.unit-test";
		};
/* End PBXNativeTarget section */

/* Begin PBXProject section */
		DB0462881E7D86210083F577 /* Project object */ = {
			isa = PBXProject;
			attributes = {
				LastSwiftUpdateCheck = 0820;
				LastUpgradeCheck = 0820;
				ORGANIZATIONNAME = "Andrey Sak";
				TargetAttributes = {
					DB04628F1E7D86210083F577 = {
						CreatedOnToolsVersion = 8.2.1;
						DevelopmentTeam = MKJ3EVS82G;
						ProvisioningStyle = Automatic;
					};
					DB0462A71E7D86220083F577 = {
						CreatedOnToolsVersion = 8.2.1;
						DevelopmentTeam = MKJ3EVS82G;
						ProvisioningStyle = Automatic;
						TestTargetID = DB04628F1E7D86210083F577;
					};
				};
			};
			buildConfigurationList = DB04628B1E7D86210083F577 /* Build configuration list for PBXProject "Assignments" */;
			compatibilityVersion = "Xcode 3.2";
			developmentRegion = English;
			hasScannedForEncodings = 0;
			knownRegions = (
				en,
				Base,
			);
			mainGroup = DB0462871E7D86210083F577;
			productRefGroup = DB0462911E7D86210083F577 /* Products */;
			projectDirPath = "";
			projectRoot = "";
			targets = (
				DB04628F1E7D86210083F577 /* Assignments */,
				DB0462A71E7D86220083F577 /* AssignmentsTests */,
			);
		};
/* End PBXProject section */

/* Begin PBXResourcesBuildPhase section */
		DB04628E1E7D86210083F577 /* Resources */ = {
			isa = PBXResourcesBuildPhase;
			buildActionMask = 2147483647;
			files = (
				DB0462CA1E7D87170083F577 /* LaunchScreen.storyboard in Resources */,
				DB67F2961EACCA7100C06CB3 /* Subject.storyboard in Resources */,
				DB0462C91E7D87170083F577 /* Assets.xcassets in Resources */,
				DB0462C71E7D87170083F577 /* Info.plist in Resources */,
				DB0462CB1E7D87170083F577 /* Main.storyboard in Resources */,
				DBF5B5501EA2644100430DE0 /* Tasks.storyboard in Resources */,
			);
			runOnlyForDeploymentPostprocessing = 0;
		};
		DB0462A61E7D86220083F577 /* Resources */ = {
			isa = PBXResourcesBuildPhase;
			buildActionMask = 2147483647;
			files = (
			);
			runOnlyForDeploymentPostprocessing = 0;
		};
/* End PBXResourcesBuildPhase section */

/* Begin PBXShellScriptBuildPhase section */
		E2F4DF6D1E81273F002ED6F2 /* ShellScript */ = {
			isa = PBXShellScriptBuildPhase;
			buildActionMask = 12;
			files = (
			);
			inputPaths = (
				"$(SRCROOT)/Carthage/Build/iOS/ChartsRealm.framework",
				"$(SRCROOT)/Carthage/Build/iOS/Realm.framework",
				"$(SRCROOT)/Carthage/Build/iOS/FSCalendar.framework",
				"$(SRCROOT)/Carthage/Build/iOS/Charts.framework",
			);
			outputPaths = (
			);
			runOnlyForDeploymentPostprocessing = 0;
			shellPath = /bin/sh;
			shellScript = "/usr/local/bin/carthage copy-frameworks";
		};
/* End PBXShellScriptBuildPhase section */

/* Begin PBXSourcesBuildPhase section */
		DB04628C1E7D86210083F577 /* Sources */ = {
			isa = PBXSourcesBuildPhase;
			buildActionMask = 2147483647;
			files = (
				DB8399B91EA69A4E00C1262D /* SelectFieldTableViewCell.swift in Sources */,
				E2F4DF711E8131E5002ED6F2 /* TaskTableViewCell.swift in Sources */,
				DB67F28F1EACBC9000C06CB3 /* CoreDataSubjectMagager.swift in Sources */,
				DB67F2981EACCA9F00C06CB3 /* SelectColorViewController.swift in Sources */,
				E2F4DF6F1E81311B002ED6F2 /* CalendarViewController.swift in Sources */,
				DBDF591B1EA236D90043C1B4 /* Task.swift in Sources */,
				DBDF59201EA236D90043C1B4 /* Status+CoreDataProperties.swift in Sources */,
				DBD907141EAD12E5002CBCCC /* UIViewController+UIAlert.swift in Sources */,
				DB8399B51EA3E93100C1262D /* DateTimeTableViewCell.swift in Sources */,
				DBDF591F1EA236D90043C1B4 /* Status.swift in Sources */,
				DB67F2911EACC7B900C06CB3 /* CreateSubjectViewController.swift in Sources */,
				DBB174BE1EA3CBAF0039DCE3 /* TaskService.swift in Sources */,
				DBB174C01EA3CBCA0039DCE3 /* CoreDataTasksManager.swift in Sources */,
				DB8399AF1EA3E66F00C1262D /* TitleTableViewCell.swift in Sources */,
				DBDF58D81EA214700043C1B4 /* DataBase.xcdatamodeld in Sources */,
				DBDF591C1EA236D90043C1B4 /* Task+CoreDataProperties.swift in Sources */,
				DB0462C61E7D87170083F577 /* AppDelegate.swift in Sources */,
				DB67F28D1EACBC0000C06CB3 /* SubjectService.swift in Sources */,
				DB0A2AAF1EAD485400038D9D /* ContentTableViewCell.swift in Sources */,
				DB0462CC1E7D87170083F577 /* DataViewController.swift in Sources */,
				DB8399B71EA6969600C1262D /* SelectFieldViewController.swift in Sources */,
				DBF5B54D1EA263C500430DE0 /* FullTaskTableViewCell.swift in Sources */,
				DBDF59181EA236D90043C1B4 /* Priority+CoreDataProperties.swift in Sources */,
				DBDF59221EA236D90043C1B4 /* Attachment+CoreDataProperties.swift in Sources */,
				DBD907121EAD049D002CBCCC /* UIColor.swift in Sources */,
				DBDF59171EA236D90043C1B4 /* Priority.swift in Sources */,
				DBDF59281EA237D40043C1B4 /* CoreDataManager.swift in Sources */,
				DBF5B54B1EA25D9A00430DE0 /* TasksViewController.swift in Sources */,
				DB0462CD1E7D87170083F577 /* RootViewController.swift in Sources */,
				DBDF591A1EA236D90043C1B4 /* AttachmentType+CoreDataProperties.swift in Sources */,
				DB0462C81E7D87170083F577 /* ModelController.swift in Sources */,
				DB67F2931EACCA4E00C06CB3 /* SelectColorTableViewCell.swift in Sources */,
				DBDF591E1EA236D90043C1B4 /* Subject+CoreDataProperties.swift in Sources */,
				DB8399B31EA3E6E800C1262D /* SelectDateTableViewCell.swift in Sources */,
				DBDF591D1EA236D90043C1B4 /* Subject.swift in Sources */,
				DBDF59191EA236D90043C1B4 /* AttachmentType.swift in Sources */,
				DB67F29A1EACCB6C00C06CB3 /* ColorCollectionViewCell.swift in Sources */,
				DB8399B11EA3E6B200C1262D /* SelectionTableViewCell.swift in Sources */,
				E2F4DF741E813B8E002ED6F2 /* StatisticsViewController.swift in Sources */,
				DBDF59211EA236D90043C1B4 /* Attachment.swift in Sources */,
				DBF5B5521EA26E1F00430DE0 /* CreateTaskViewController.swift in Sources */,
			);
			runOnlyForDeploymentPostprocessing = 0;
		};
		DB0462A41E7D86220083F577 /* Sources */ = {
			isa = PBXSourcesBuildPhase;
			buildActionMask = 2147483647;
			files = (
				DB0462AD1E7D86220083F577 /* AssignmentsTests.swift in Sources */,
			);
			runOnlyForDeploymentPostprocessing = 0;
		};
/* End PBXSourcesBuildPhase section */

/* Begin PBXTargetDependency section */
		DB0462AA1E7D86220083F577 /* PBXTargetDependency */ = {
			isa = PBXTargetDependency;
			target = DB04628F1E7D86210083F577 /* Assignments */;
			targetProxy = DB0462A91E7D86220083F577 /* PBXContainerItemProxy */;
		};
/* End PBXTargetDependency section */

/* Begin PBXVariantGroup section */
		DB0462BE1E7D87170083F577 /* LaunchScreen.storyboard */ = {
			isa = PBXVariantGroup;
			children = (
				DB0462BF1E7D87170083F577 /* Base */,
			);
			name = LaunchScreen.storyboard;
			sourceTree = "<group>";
		};
		DB0462C01E7D87170083F577 /* Main.storyboard */ = {
			isa = PBXVariantGroup;
			children = (
				DB0462C11E7D87170083F577 /* Base */,
			);
			name = Main.storyboard;
			sourceTree = "<group>";
		};
		DB67F2941EACCA7100C06CB3 /* Subject.storyboard */ = {
			isa = PBXVariantGroup;
			children = (
				DB67F2951EACCA7100C06CB3 /* Base */,
			);
			name = Subject.storyboard;
			sourceTree = "<group>";
		};
		DBF5B54E1EA2644100430DE0 /* Tasks.storyboard */ = {
			isa = PBXVariantGroup;
			children = (
				DBF5B54F1EA2644100430DE0 /* Base */,
			);
			name = Tasks.storyboard;
			sourceTree = "<group>";
		};
/* End PBXVariantGroup section */

/* Begin XCBuildConfiguration section */
		DB0462AF1E7D86220083F577 /* Debug */ = {
			isa = XCBuildConfiguration;
			buildSettings = {
				ALWAYS_SEARCH_USER_PATHS = NO;
				CLANG_ANALYZER_NONNULL = YES;
				CLANG_CXX_LANGUAGE_STANDARD = "gnu++0x";
				CLANG_CXX_LIBRARY = "libc++";
				CLANG_ENABLE_MODULES = YES;
				CLANG_ENABLE_OBJC_ARC = YES;
				CLANG_WARN_BOOL_CONVERSION = YES;
				CLANG_WARN_CONSTANT_CONVERSION = YES;
				CLANG_WARN_DIRECT_OBJC_ISA_USAGE = YES_ERROR;
				CLANG_WARN_DOCUMENTATION_COMMENTS = YES;
				CLANG_WARN_EMPTY_BODY = YES;
				CLANG_WARN_ENUM_CONVERSION = YES;
				CLANG_WARN_INFINITE_RECURSION = YES;
				CLANG_WARN_INT_CONVERSION = YES;
				CLANG_WARN_OBJC_ROOT_CLASS = YES_ERROR;
				CLANG_WARN_SUSPICIOUS_MOVE = YES;
				CLANG_WARN_UNREACHABLE_CODE = YES;
				CLANG_WARN__DUPLICATE_METHOD_MATCH = YES;
				"CODE_SIGN_IDENTITY[sdk=iphoneos*]" = "iPhone Developer";
				COPY_PHASE_STRIP = NO;
				DEBUG_INFORMATION_FORMAT = dwarf;
				ENABLE_STRICT_OBJC_MSGSEND = YES;
				ENABLE_TESTABILITY = YES;
				GCC_C_LANGUAGE_STANDARD = gnu99;
				GCC_DYNAMIC_NO_PIC = NO;
				GCC_NO_COMMON_BLOCKS = YES;
				GCC_OPTIMIZATION_LEVEL = 0;
				GCC_PREPROCESSOR_DEFINITIONS = (
					"DEBUG=1",
					"$(inherited)",
				);
				GCC_WARN_64_TO_32_BIT_CONVERSION = YES;
				GCC_WARN_ABOUT_RETURN_TYPE = YES_ERROR;
				GCC_WARN_UNDECLARED_SELECTOR = YES;
				GCC_WARN_UNINITIALIZED_AUTOS = YES_AGGRESSIVE;
				GCC_WARN_UNUSED_FUNCTION = YES;
				GCC_WARN_UNUSED_VARIABLE = YES;
				IPHONEOS_DEPLOYMENT_TARGET = 10.2;
				MTL_ENABLE_DEBUG_INFO = YES;
				ONLY_ACTIVE_ARCH = YES;
				SDKROOT = iphoneos;
				SWIFT_ACTIVE_COMPILATION_CONDITIONS = DEBUG;
				SWIFT_OPTIMIZATION_LEVEL = "-Onone";
			};
			name = Debug;
		};
		DB0462B01E7D86220083F577 /* Release */ = {
			isa = XCBuildConfiguration;
			buildSettings = {
				ALWAYS_SEARCH_USER_PATHS = NO;
				CLANG_ANALYZER_NONNULL = YES;
				CLANG_CXX_LANGUAGE_STANDARD = "gnu++0x";
				CLANG_CXX_LIBRARY = "libc++";
				CLANG_ENABLE_MODULES = YES;
				CLANG_ENABLE_OBJC_ARC = YES;
				CLANG_WARN_BOOL_CONVERSION = YES;
				CLANG_WARN_CONSTANT_CONVERSION = YES;
				CLANG_WARN_DIRECT_OBJC_ISA_USAGE = YES_ERROR;
				CLANG_WARN_DOCUMENTATION_COMMENTS = YES;
				CLANG_WARN_EMPTY_BODY = YES;
				CLANG_WARN_ENUM_CONVERSION = YES;
				CLANG_WARN_INFINITE_RECURSION = YES;
				CLANG_WARN_INT_CONVERSION = YES;
				CLANG_WARN_OBJC_ROOT_CLASS = YES_ERROR;
				CLANG_WARN_SUSPICIOUS_MOVE = YES;
				CLANG_WARN_UNREACHABLE_CODE = YES;
				CLANG_WARN__DUPLICATE_METHOD_MATCH = YES;
				"CODE_SIGN_IDENTITY[sdk=iphoneos*]" = "iPhone Developer";
				COPY_PHASE_STRIP = NO;
				DEBUG_INFORMATION_FORMAT = "dwarf-with-dsym";
				ENABLE_NS_ASSERTIONS = NO;
				ENABLE_STRICT_OBJC_MSGSEND = YES;
				GCC_C_LANGUAGE_STANDARD = gnu99;
				GCC_NO_COMMON_BLOCKS = YES;
				GCC_WARN_64_TO_32_BIT_CONVERSION = YES;
				GCC_WARN_ABOUT_RETURN_TYPE = YES_ERROR;
				GCC_WARN_UNDECLARED_SELECTOR = YES;
				GCC_WARN_UNINITIALIZED_AUTOS = YES_AGGRESSIVE;
				GCC_WARN_UNUSED_FUNCTION = YES;
				GCC_WARN_UNUSED_VARIABLE = YES;
				IPHONEOS_DEPLOYMENT_TARGET = 10.2;
				MTL_ENABLE_DEBUG_INFO = NO;
				SDKROOT = iphoneos;
				SWIFT_OPTIMIZATION_LEVEL = "-Owholemodule";
				VALIDATE_PRODUCT = YES;
			};
			name = Release;
		};
		DB0462B21E7D86220083F577 /* Debug */ = {
			isa = XCBuildConfiguration;
			buildSettings = {
				ASSETCATALOG_COMPILER_APPICON_NAME = AppIcon;
				DEVELOPMENT_TEAM = MKJ3EVS82G;
				FRAMEWORK_SEARCH_PATHS = (
					"$(inherited)",
					"$(PROJECT_DIR)/Carthage/Build/iOS",
				);
				INFOPLIST_FILE = "$(SRCROOT)/Assignments/General/Info.plist";
				IPHONEOS_DEPLOYMENT_TARGET = 10.0;
				LD_RUNPATH_SEARCH_PATHS = "$(inherited) @executable_path/Frameworks";
				PRODUCT_BUNDLE_IDENTIFIER = knowledgeProject.Assignments;
				PRODUCT_NAME = "$(TARGET_NAME)";
				SWIFT_DISABLE_SAFETY_CHECKS = NO;
				SWIFT_OBJC_BRIDGING_HEADER = "Assignments-Bridging-Header.h";
				SWIFT_VERSION = 3.0;
			};
			name = Debug;
		};
		DB0462B31E7D86220083F577 /* Release */ = {
			isa = XCBuildConfiguration;
			buildSettings = {
				ASSETCATALOG_COMPILER_APPICON_NAME = AppIcon;
				DEVELOPMENT_TEAM = MKJ3EVS82G;
				FRAMEWORK_SEARCH_PATHS = (
					"$(inherited)",
					"$(PROJECT_DIR)/Carthage/Build/iOS",
				);
				INFOPLIST_FILE = "$(SRCROOT)/Assignments/General/Info.plist";
				IPHONEOS_DEPLOYMENT_TARGET = 10.0;
				LD_RUNPATH_SEARCH_PATHS = "$(inherited) @executable_path/Frameworks";
				PRODUCT_BUNDLE_IDENTIFIER = knowledgeProject.Assignments;
				PRODUCT_NAME = "$(TARGET_NAME)";
				SWIFT_DISABLE_SAFETY_CHECKS = NO;
				SWIFT_OBJC_BRIDGING_HEADER = "Assignments-Bridging-Header.h";
				SWIFT_VERSION = 3.0;
			};
			name = Release;
		};
		DB0462B51E7D86220083F577 /* Debug */ = {
			isa = XCBuildConfiguration;
			buildSettings = {
				ALWAYS_EMBED_SWIFT_STANDARD_LIBRARIES = YES;
				BUNDLE_LOADER = "$(TEST_HOST)";
				DEVELOPMENT_TEAM = MKJ3EVS82G;
				INFOPLIST_FILE = AssignmentsTests/Info.plist;
				LD_RUNPATH_SEARCH_PATHS = "$(inherited) @executable_path/Frameworks @loader_path/Frameworks";
				PRODUCT_BUNDLE_IDENTIFIER = knowledgeProject.AssignmentsTests;
				PRODUCT_NAME = "$(TARGET_NAME)";
				SWIFT_VERSION = 3.0;
				TEST_HOST = "$(BUILT_PRODUCTS_DIR)/Assignments.app/Assignments";
			};
			name = Debug;
		};
		DB0462B61E7D86220083F577 /* Release */ = {
			isa = XCBuildConfiguration;
			buildSettings = {
				ALWAYS_EMBED_SWIFT_STANDARD_LIBRARIES = YES;
				BUNDLE_LOADER = "$(TEST_HOST)";
				DEVELOPMENT_TEAM = MKJ3EVS82G;
				INFOPLIST_FILE = AssignmentsTests/Info.plist;
				LD_RUNPATH_SEARCH_PATHS = "$(inherited) @executable_path/Frameworks @loader_path/Frameworks";
				PRODUCT_BUNDLE_IDENTIFIER = knowledgeProject.AssignmentsTests;
				PRODUCT_NAME = "$(TARGET_NAME)";
				SWIFT_VERSION = 3.0;
				TEST_HOST = "$(BUILT_PRODUCTS_DIR)/Assignments.app/Assignments";
			};
			name = Release;
		};
/* End XCBuildConfiguration section */

/* Begin XCConfigurationList section */
		DB04628B1E7D86210083F577 /* Build configuration list for PBXProject "Assignments" */ = {
			isa = XCConfigurationList;
			buildConfigurations = (
				DB0462AF1E7D86220083F577 /* Debug */,
				DB0462B01E7D86220083F577 /* Release */,
			);
			defaultConfigurationIsVisible = 0;
			defaultConfigurationName = Release;
		};
		DB0462B11E7D86220083F577 /* Build configuration list for PBXNativeTarget "Assignments" */ = {
			isa = XCConfigurationList;
			buildConfigurations = (
				DB0462B21E7D86220083F577 /* Debug */,
				DB0462B31E7D86220083F577 /* Release */,
			);
			defaultConfigurationIsVisible = 0;
			defaultConfigurationName = Release;
		};
		DB0462B41E7D86220083F577 /* Build configuration list for PBXNativeTarget "AssignmentsTests" */ = {
			isa = XCConfigurationList;
			buildConfigurations = (
				DB0462B51E7D86220083F577 /* Debug */,
				DB0462B61E7D86220083F577 /* Release */,
			);
			defaultConfigurationIsVisible = 0;
			defaultConfigurationName = Release;
		};
/* End XCConfigurationList section */

/* Begin XCVersionGroup section */
		DBDF58D61EA214700043C1B4 /* DataBase.xcdatamodeld */ = {
			isa = XCVersionGroup;
			children = (
				DBDF58D71EA214700043C1B4 /* DataBase.xcdatamodel */,
			);
			currentVersion = DBDF58D71EA214700043C1B4 /* DataBase.xcdatamodel */;
			path = DataBase.xcdatamodeld;
			sourceTree = "<group>";
			versionGroupType = wrapper.xcdatamodel;
		};
/* End XCVersionGroup section */
	};
	rootObject = DB0462881E7D86210083F577 /* Project object */;
}
